# This file is auto-generated by airis. DO NOT EDIT.
# It contains the resolved versions for your workspace.

version = 0

[catalog]
drizzle-orm = "^0.45.2"
eslint = "^10.1.0"
hono = "^4.12.9"
next = "^16.2.2"
playwright = "^1.59.1"
prettier = "^3.8.1"
react = "^19.2.4"
react-dom = "^19.2.4"
react-is = "^19.2.4"
tailwindcss = "^4.2.2"
typescript = "^6.0.2"
vitest = "^4.1.2"
zod = "^4.3.6"

[apps]

[toolchain]
package_manager = ""
node = ""
